// !$*UTF8*$!
{
	archiveVersion = 1;
	classes = {
	};
	objectVersion = 46;
	objects = {

/* Begin PBXBuildFile section */
		A35435EC1E4C986B0062955D /* main.swift in Sources */ = {isa = PBXBuildFile; fileRef = A35435EB1E4C986B0062955D /* main.swift */; };
		A3755F911E666E4100B85B98 /* OperatorLesson.swift in Sources */ = {isa = PBXBuildFile; fileRef = A3755F901E666E4100B85B98 /* OperatorLesson.swift */; };
		A3755F931E67B0D400B85B98 /* VVSwifter.swift in Sources */ = {isa = PBXBuildFile; fileRef = A3755F921E67B0D400B85B98 /* VVSwifter.swift */; };
/* End PBXBuildFile section */

/* Begin PBXCopyFilesBuildPhase section */
		A35435E61E4C986B0062955D /* CopyFiles */ = {
			isa = PBXCopyFilesBuildPhase;
			buildActionMask = 2147483647;
			dstPath = /usr/share/man/man1/;
			dstSubfolderSpec = 0;
			files = (
			);
			runOnlyForDeploymentPostprocessing = 1;
		};
/* End PBXCopyFilesBuildPhase section */

/* Begin PBXFileReference section */
		A35435E81E4C986B0062955D /* SwiftCommandLine */ = {isa = PBXFileReference; explicitFileType = "compiled.mach-o.executable"; includeInIndex = 0; path = SwiftCommandLine; sourceTree = BUILT_PRODUCTS_DIR; };
		A35435EB1E4C986B0062955D /* main.swift */ = {isa = PBXFileReference; lastKnownFileType = sourcecode.swift; path = main.swift; sourceTree = "<group>"; };
		A3755F901E666E4100B85B98 /* OperatorLesson.swift */ = {isa = PBXFileReference; fileEncoding = 4; lastKnownFileType = sourcecode.swift; path = OperatorLesson.swift; sourceTree = "<group>"; };
		A3755F921E67B0D400B85B98 /* VVSwifter.swift */ = {isa = PBXFileReference; fileEncoding = 4; lastKnownFileType = sourcecode.swift; path = VVSwifter.swift; sourceTree = "<group>"; };
/* End PBXFileReference section */

/* Begin PBXFrameworksBuildPhase section */
		A35435E51E4C986B0062955D /* Frameworks */ = {
			isa = PBXFrameworksBuildPhase;
			buildActionMask = 2147483647;
			files = (
			);
			runOnlyForDeploymentPostprocessing = 0;
		};
/* End PBXFrameworksBuildPhase section */

/* Begin PBXGroup section */
		A35435DF1E4C986B0062955D = {
			isa = PBXGroup;
			children = (
				A35435EA1E4C986B0062955D /* SwiftCommandLine */,
				A35435E91E4C986B0062955D /* Products */,
			);
			sourceTree = "<group>";
		};
		A35435E91E4C986B0062955D /* Products */ = {
			isa = PBXGroup;
			children = (
				A35435E81E4C986B0062955D /* SwiftCommandLine */,
			);
			name = Products;
			sourceTree = "<group>";
		};
		A35435EA1E4C986B0062955D /* SwiftCommandLine */ = {
			isa = PBXGroup;
			children = (
				A35435EB1E4C986B0062955D /* main.swift */,
				A3755F901E666E4100B85B98 /* OperatorLesson.swift */,
				A3755F921E67B0D400B85B98 /* VVSwifter.swift */,
			);
			path = SwiftCommandLine;
			sourceTree = "<group>";
		};
/* End PBXGroup section */

/* Begin PBXNativeTarget section */
		A35435E71E4C986B0062955D /* SwiftCommandLine */ = {
			isa = PBXNativeTarget;
			buildConfigurationList = A35435EF1E4C986B0062955D /* Build configuration list for PBXNativeTarget "SwiftCommandLine" */;
			buildPhases = (
				A35435E41E4C986B0062955D /* Sources */,
				A35435E51E4C986B0062955D /* Frameworks */,
				A35435E61E4C986B0062955D /* CopyFiles */,
			);
			buildRules = (
			);
			dependencies = (
			);
			name = SwiftCommandLine;
			productName = SwiftCommandLine;
			productReference = A35435E81E4C986B0062955D /* SwiftCommandLine */;
			productType = "com.apple.product-type.tool";
		};
/* End PBXNativeTarget section */

/* Begin PBXProject section */
		A35435E01E4C986B0062955D /* Project object */ = {
			isa = PBXProject;
			attributes = {
				LastSwiftUpdateCheck = 0820;
				LastUpgradeCheck = 0820;
				ORGANIZATIONNAME = gaojuyan;
				TargetAttributes = {
					A35435E71E4C986B0062955D = {
						CreatedOnToolsVersion = 8.2.1;
						DevelopmentTeam = AP5Q9668LJ;
						ProvisioningStyle = Automatic;
					};
				};
			};
			buildConfigurationList = A35435E31E4C986B0062955D /* Build configuration list for PBXProject "SwiftCommandLine" */;
			compatibilityVersion = "Xcode 3.2";
			developmentRegion = English;
			hasScannedForEncodings = 0;
			knownRegions = (
				en,
			);
			mainGroup = A35435DF1E4C986B0062955D;
			productRefGroup = A35435E91E4C986B0062955D /* Products */;
			projectDirPath = "";
			projectRoot = "";
			targets = (
				A35435E71E4C986B0062955D /* SwiftCommandLine */,
			);
		};
/* End PBXProject section */

/* Begin PBXSourcesBuildPhase section */
		A35435E41E4C986B0062955D /* Sources */ = {
			isa = PBXSourcesBuildPhase;
			buildActionMask = 2147483647;
			files = (
				A35435EC1E4C986B0062955D /* main.swift in Sources */,
				A3755F911E666E4100B85B98 /* OperatorLesson.swift in Sources */,
				A3755F931E67B0D400B85B98 /* VVSwifter.swift in Sources */,
			);
			runOnlyForDeploymentPostprocessing = 0;
		};
/* End PBXSourcesBuildPhase section */

/* Begin XCBuildConfiguration section */
		A35435ED1E4C986B0062955D /* Debug */ = {
			isa = XCBuildConfiguration;
			buildSettings = {
				ALWAYS_SEARCH_USER_PATHS = NO;
				CLANG_ANALYZER_NONNULL = YES;
				CLANG_CXX_LANGUAGE_STANDARD = "gnu++0x";
				CLANG_CXX_LIBRARY = "libc++";
				CLANG_ENABLE_MODULES = YES;
				CLANG_ENABLE_OBJC_ARC = YES;
				CLANG_WARN_BOOL_CONVERSION = YES;
				CLANG_WARN_CONSTANT_CONVERSION = YES;
				CLANG_WARN_DIRECT_OBJC_ISA_USAGE = YES_ERROR;
				CLANG_WARN_DOCUMENTATION_COMMENTS = YES;
				CLANG_WARN_EMPTY_BODY = YES;
				CLANG_WARN_ENUM_CONVERSION = YES;
				CLANG_WARN_INFINITE_RECURSION = YES;
				CLANG_WARN_INT_CONVERSION = YES;
				CLANG_WARN_OBJC_ROOT_CLASS = YES_ERROR;
				CLANG_WARN_SUSPICIOUS_MOVE = YES;
				CLANG_WARN_UNREACHABLE_CODE = YES;
				CLANG_WARN__DUPLICATE_METHOD_MATCH = YES;
				CODE_SIGN_IDENTITY = "-";
				COPY_PHASE_STRIP = NO;
				DEBUG_INFORMATION_FORMAT = dwarf;
				ENABLE_STRICT_OBJC_MSGSEND = YES;
				ENABLE_TESTABILITY = YES;
				GCC_C_LANGUAGE_STANDARD = gnu99;
				GCC_DYNAMIC_NO_PIC = NO;
				GCC_NO_COMMON_BLOCKS = YES;
				GCC_OPTIMIZATION_LEVEL = 0;
				GCC_PREPROCESSOR_DEFINITIONS = (
					"DEBUG=1",
					"$(inherited)",
				);
				GCC_WARN_64_TO_32_BIT_CONVERSION = YES;
				GCC_WARN_ABOUT_RETURN_TYPE = YES_ERROR;
				GCC_WARN_UNDECLARED_SELECTOR = YES;
				GCC_WARN_UNINITIALIZED_AUTOS = YES_AGGRESSIVE;
				GCC_WARN_UNUSED_FUNCTION = YES;
				GCC_WARN_UNUSED_VARIABLE = YES;
				MACOSX_DEPLOYMENT_TARGET = 10.12;
				MTL_ENABLE_DEBUG_INFO = YES;
				ONLY_ACTIVE_ARCH = YES;
				SDKROOT = macosx;
				SWIFT_OPTIMIZATION_LEVEL = "-Onone";
			};
			name = Debug;
		};
		A35435EE1E4C986B0062955D /* Release */ = {
			isa = XCBuildConfiguration;
			buildSettings = {
				ALWAYS_SEARCH_USER_PATHS = NO;
				CLANG_ANALYZER_NONNULL = YES;
				CLANG_CXX_LANGUAGE_STANDARD = "gnu++0x";
				CLANG_CXX_LIBRARY = "libc++";
				CLANG_ENABLE_MODULES = YES;
				CLANG_ENABLE_OBJC_ARC = YES;
				CLANG_WARN_BOOL_CONVERSION = YES;
				CLANG_WARN_CONSTANT_CONVERSION = YES;
				CLANG_WARN_DIRECT_OBJC_ISA_USAGE = YES_ERROR;
				CLANG_WARN_DOCUMENTATION_COMMENTS = YES;
				CLANG_WARN_EMPTY_BODY = YES;
				CLANG_WARN_ENUM_CONVERSION = YES;
				CLANG_WARN_INFINITE_RECURSION = YES;
				CLANG_WARN_INT_CONVERSION = YES;
				CLANG_WARN_OBJC_ROOT_CLASS = YES_ERROR;
				CLANG_WARN_SUSPICIOUS_MOVE = YES;
				CLANG_WARN_UNREACHABLE_CODE = YES;
				CLANG_WARN__DUPLICATE_METHOD_MATCH = YES;
				CODE_SIGN_IDENTITY = "-";
				COPY_PHASE_STRIP = NO;
				DEBUG_INFORMATION_FORMAT = "dwarf-with-dsym";
				ENABLE_NS_ASSERTIONS = NO;
				ENABLE_STRICT_OBJC_MSGSEND = YES;
				GCC_C_LANGUAGE_STANDARD = gnu99;
				GCC_NO_COMMON_BLOCKS = YES;
				GCC_WARN_64_TO_32_BIT_CONVERSION = YES;
				GCC_WARN_ABOUT_RETURN_TYPE = YES_ERROR;
				GCC_WARN_UNDECLARED_SELECTOR = YES;
				GCC_WARN_UNINITIALIZED_AUTOS = YES_AGGRESSIVE;
				GCC_WARN_UNUSED_FUNCTION = YES;
				GCC_WARN_UNUSED_VARIABLE = YES;
				MACOSX_DEPLOYMENT_TARGET = 10.12;
				MTL_ENABLE_DEBUG_INFO = NO;
				SDKROOT = macosx;
			};
			name = Release;
		};
		A35435F01E4C986B0062955D /* Debug */ = {
			isa = XCBuildConfiguration;
			buildSettings = {
				DEVELOPMENT_TEAM = AP5Q9668LJ;
				PRODUCT_NAME = "$(TARGET_NAME)";
				SWIFT_VERSION = 3.0;
			};
			name = Debug;
		};
		A35435F11E4C986B0062955D /* Release */ = {
			isa = XCBuildConfiguration;
			buildSettings = {
				DEVELOPMENT_TEAM = AP5Q9668LJ;
				PRODUCT_NAME = "$(TARGET_NAME)";
				SWIFT_VERSION = 3.0;
			};
			name = Release;
		};
/* End XCBuildConfiguration section */

/* Begin XCConfigurationList section */
		A35435E31E4C986B0062955D /* Build configuration list for PBXProject "SwiftCommandLine" */ = {
			isa = XCConfigurationList;
			buildConfigurations = (
				A35435ED1E4C986B0062955D /* Debug */,
				A35435EE1E4C986B0062955D /* Release */,
			);
			defaultConfigurationIsVisible = 0;
			defaultConfigurationName = Release;
		};
		A35435EF1E4C986B0062955D /* Build configuration list for PBXNativeTarget "SwiftCommandLine" */ = {
			isa = XCConfigurationList;
			buildConfigurations = (
				A35435F01E4C986B0062955D /* Debug */,
				A35435F11E4C986B0062955D /* Release */,
			);
			defaultConfigurationIsVisible = 0;
			defaultConfigurationName = Release;
		};
/* End XCConfigurationList section */
	};
	rootObject = A35435E01E4C986B0062955D /* Project object */;
}
